github.com/calmh/luhn v2.0.0+incompatible h1:xHkbAc8FBgMiGUaKsiYcwtf8xhSXVtRKA2NhY7hFCAc=
github.com/calmh/luhn v2.0.0+incompatible/go.mod h1:70IGmMi0GKRs073gl/oH5/yiJnTt61h35YQhvo/k3Cc=
github.com/cenkalti/backoff v2.1.1+incompatible h1:tKJnvO2kl0zmb/jA5UKAt4VoEVw1qxKWjE/Bpp46npY=
github.com/cenkalti/backoff v2.1.1+incompatible/go.mod h1:90ReRw6GdpyfrHakVjL/QHaoyV4aDUVVkXQJJJ3NXXM=
github.com/golang/mock v1.2.0 h1:28o5sBqPkBsMGnC6b4MvE2TzSr5/AT4c/1fLqVGIwlk=
github.com/golang/mock v1.2.0/go.mod h1:oTYuIxOrZwtPieC+H1uAHpcLFnEyAGVDL/k47Jfbm0A=
github.com/inconshreveable/go-vhost v0.0.0-20160627193104-06d84117953b h1:IpLPmn6Re21F0MaV6Zsc5RdSE6KuoFpWmHiUSEs3PrE=
github.com/inconshreveable/go-vhost v0.0.0-20160627193104-06d84117953b/go.mod h1:aA6DnFhALT3zH0y+A39we+zbrdMC2N0X/q21e6FI0LU=
golang.org/x/net v0.0.0-20171123081856-c7086645de24 h1:z0cmn+BVQSCN8exp26jnHqHXHIvTlqIYhjHln4k/UAU=
golang.org/x/net v0.0.0-20171123081856-c7086645de24/go.mod h1:mL1N/T3taQHkDXs73rZJwtUhF3w3ftmwwsq0BUmARs4=
golang.org/x/text v0.1.1-0.20171102192421-88f656faf3f3 h1:OxMYHd6bm+jH+TI7NBCb/CaYk6pMJnBC8GIzIi68Hk4=
golang.org/x/text v0.1.1-0.20171102192421-88f656faf3f3/go.mod h1:NqM8EUOU14njkJ3fqMW+pc6Ldnwhi/IjpwHt7yyuwOQ=
gopkg.in/check.v1 v0.0.0-20161208181325-20d25e280405 h1:yhCVgyC4o1eVCa2tZl7eS0r+SDo693bJlVdllGtEeKM=
gopkg.in/check.v1 v0.0.0-20161208181325-20d25e280405/go.mod h1:Co6ibVJAznAaIkqp8huTwlJQCZ016jof/cbN4VW5Yz0=
gopkg.in/yaml.v2 v2.2.2 h1:ZCJp+EgiOT7lHqUV2J862kp8Qj64Jo6az82+3Td9dZw=
gopkg.in/yaml.v2 v2.2.2/go.mod h1:hI93XBmqTisBFMUTm0b8Fm+jr3Dg1NNxqwp+5A1VGuI=
